
Microsoft Visual Studio Solution File, Format Version 12.00
# Visual Studio Version 17
VisualStudioVersion = 17.11.35208.52
MinimumVisualStudioVersion = 10.0.40219.1
Project("{FAE04EC0-301F-11D3-BF4B-00C04F79EFBC}") = "Tugasform", "Tugasform\Tugasform.csproj", "{382278B8-476D-4FF2-877E-54F6958C644B}"
EndProject
Global
	GlobalSection(SolutionConfigurationPlatforms) = preSolution
		Debug|Any CPU = Debug|Any CPU
		Release|Any CPU = Release|Any CPU
	EndGlobalSection
	GlobalSection(ProjectConfigurationPlatforms) = postSolution
		{382278B8-476D-4FF2-877E-54F6958C644B}.Debug|Any CPU.ActiveCfg = Debug|Any CPU
		{382278B8-476D-4FF2-877E-54F6958C644B}.Debug|Any CPU.Build.0 = Debug|Any CPU
		{382278B8-476D-4FF2-877E-54F6958C644B}.Release|Any CPU.ActiveCfg = Release|Any CPU
		{382278B8-476D-4FF2-877E-54F6958C644B}.Release|Any CPU.Build.0 = Release|Any CPU
	EndGlobalSection
	GlobalSection(SolutionProperties) = preSolution
		HideSolutionNode = FALSE
	EndGlobalSection
	GlobalSection(ExtensibilityGlobals) = postSolution
		SolutionGuid = {A566EBCB-9928-4C3E-BF62-0533C8490BBD}
	EndGlobalSection
EndGlobal
